
Microsoft Visual Studio Solution File, Format Version 12.00
# Visual Studio Version 16
VisualStudioVersion = 16.0.28803.352
MinimumVisualStudioVersion = 10.0.40219.1
Project("{FAE04EC0-301F-11D3-BF4B-00C04F79EFBC}") = "GestionEmployes", "GestionEmployes\GestionEmployes.csproj", "{FB52A9B7-C888-4031-AAD4-9A2ADCA1EF3A}"
EndProject
Global
	GlobalSection(SolutionConfigurationPlatforms) = preSolution
		Debug|Any CPU = Debug|Any CPU
		Release|Any CPU = Release|Any CPU
	EndGlobalSection
	GlobalSection(ProjectConfigurationPlatforms) = postSolution
		{FB52A9B7-C888-4031-AAD4-9A2ADCA1EF3A}.Debug|Any CPU.ActiveCfg = Debug|Any CPU
		{FB52A9B7-C888-4031-AAD4-9A2ADCA1EF3A}.Debug|Any CPU.Build.0 = Debug|Any CPU
		{FB52A9B7-C888-4031-AAD4-9A2ADCA1EF3A}.Release|Any CPU.ActiveCfg = Release|Any CPU
		{FB52A9B7-C888-4031-AAD4-9A2ADCA1EF3A}.Release|Any CPU.Build.0 = Release|Any CPU
	EndGlobalSection
	GlobalSection(SolutionProperties) = preSolution
		HideSolutionNode = FALSE
	EndGlobalSection
	GlobalSection(ExtensibilityGlobals) = postSolution
		SolutionGuid = {D4337305-10FF-400B-AFD3-8067E5BAF9C3}
	EndGlobalSection
EndGlobal
